
Microsoft Visual Studio Solution File, Format Version 12.00
# Visual Studio Version 17
VisualStudioVersion = 17.8.34309.116
MinimumVisualStudioVersion = 10.0.40219.1
Project("{9A19103F-16F7-4668-BE54-9A1E7A4F7556}") = "ShoppingCart.Api", "ShoppingCart.Api\ShoppingCart.Api.csproj", "{1283AFF5-6D71-48D7-ADC7-3F0BFA3BECA8}"
EndProject
Project("{9A19103F-16F7-4668-BE54-9A1E7A4F7556}") = "ShoppingCart.Data", "ShoppingCart.Data\ShoppingCart.Data.csproj", "{0073A843-78F7-4B7D-8D8F-AE02108336CA}"
EndProject
Project("{9A19103F-16F7-4668-BE54-9A1E7A4F7556}") = "ShoppingCart.Services", "ShoppingCart.Services\ShoppingCart.Services.csproj", "{5BDF238E-821F-4827-8A6B-FF6B74BD70E7}"
EndProject
Project("{9A19103F-16F7-4668-BE54-9A1E7A4F7556}") = "ShoppingCart.Dtos", "ShoppingCart.Dtos\ShoppingCart.Dtos.csproj", "{D93A4C45-6B4B-4A7B-B2C6-1DB24CA0107A}"
EndProject
Project("{FAE04EC0-301F-11D3-BF4B-00C04F79EFBC}") = "ShoppingCart.Models", "ShoppingCart.Models\ShoppingCart.Models.csproj", "{26C1AE8C-FAF4-4F23-A2DB-FC5233AD7796}"
EndProject
Global
	GlobalSection(SolutionConfigurationPlatforms) = preSolution
		Debug|Any CPU = Debug|Any CPU
		Release|Any CPU = Release|Any CPU
	EndGlobalSection
	GlobalSection(ProjectConfigurationPlatforms) = postSolution
		{1283AFF5-6D71-48D7-ADC7-3F0BFA3BECA8}.Debug|Any CPU.ActiveCfg = Debug|Any CPU
		{1283AFF5-6D71-48D7-ADC7-3F0BFA3BECA8}.Debug|Any CPU.Build.0 = Debug|Any CPU
		{1283AFF5-6D71-48D7-ADC7-3F0BFA3BECA8}.Release|Any CPU.ActiveCfg = Release|Any CPU
		{1283AFF5-6D71-48D7-ADC7-3F0BFA3BECA8}.Release|Any CPU.Build.0 = Release|Any CPU
		{0073A843-78F7-4B7D-8D8F-AE02108336CA}.Debug|Any CPU.ActiveCfg = Debug|Any CPU
		{0073A843-78F7-4B7D-8D8F-AE02108336CA}.Debug|Any CPU.Build.0 = Debug|Any CPU
		{0073A843-78F7-4B7D-8D8F-AE02108336CA}.Release|Any CPU.ActiveCfg = Release|Any CPU
		{0073A843-78F7-4B7D-8D8F-AE02108336CA}.Release|Any CPU.Build.0 = Release|Any CPU
		{5BDF238E-821F-4827-8A6B-FF6B74BD70E7}.Debug|Any CPU.ActiveCfg = Debug|Any CPU
		{5BDF238E-821F-4827-8A6B-FF6B74BD70E7}.Debug|Any CPU.Build.0 = Debug|Any CPU
		{5BDF238E-821F-4827-8A6B-FF6B74BD70E7}.Release|Any CPU.ActiveCfg = Release|Any CPU
		{5BDF238E-821F-4827-8A6B-FF6B74BD70E7}.Release|Any CPU.Build.0 = Release|Any CPU
		{D93A4C45-6B4B-4A7B-B2C6-1DB24CA0107A}.Debug|Any CPU.ActiveCfg = Debug|Any CPU
		{D93A4C45-6B4B-4A7B-B2C6-1DB24CA0107A}.Debug|Any CPU.Build.0 = Debug|Any CPU
		{D93A4C45-6B4B-4A7B-B2C6-1DB24CA0107A}.Release|Any CPU.ActiveCfg = Release|Any CPU
		{D93A4C45-6B4B-4A7B-B2C6-1DB24CA0107A}.Release|Any CPU.Build.0 = Release|Any CPU
		{26C1AE8C-FAF4-4F23-A2DB-FC5233AD7796}.Debug|Any CPU.ActiveCfg = Debug|Any CPU
		{26C1AE8C-FAF4-4F23-A2DB-FC5233AD7796}.Debug|Any CPU.Build.0 = Debug|Any CPU
		{26C1AE8C-FAF4-4F23-A2DB-FC5233AD7796}.Release|Any CPU.ActiveCfg = Release|Any CPU
		{26C1AE8C-FAF4-4F23-A2DB-FC5233AD7796}.Release|Any CPU.Build.0 = Release|Any CPU
	EndGlobalSection
	GlobalSection(SolutionProperties) = preSolution
		HideSolutionNode = FALSE
	EndGlobalSection
	GlobalSection(ExtensibilityGlobals) = postSolution
		SolutionGuid = {AD72C3C6-B79E-4BF9-A64E-831A0CC3F855}
	EndGlobalSection
EndGlobal
